
Microsoft Visual Studio Solution File, Format Version 12.00
# Visual Studio 2015
Project("{FAE04EC0-301F-11D3-BF4B-00C04F79EFBC}") = "NebulaShop", "NebulaShop.csproj", "{F01FD44C-6A3A-7C2C-9C0E-B943AF49BC5A}"
EndProject
Project("{FAE04EC0-301F-11D3-BF4B-00C04F79EFBC}") = "NebulaShop.Editor", "NebulaShop.Editor.csproj", "{B3C97C67-9D8B-43E8-8484-756DEA30C27A}"
EndProject
Global
	GlobalSection(SolutionConfigurationPlatforms) = preSolution
		Debug|Any CPU = Debug|Any CPU
		Release|Any CPU = Release|Any CPU
	EndGlobalSection
	GlobalSection(ProjectConfigurationPlatforms) = postSolution
		{F01FD44C-6A3A-7C2C-9C0E-B943AF49BC5A}.Debug|Any CPU.ActiveCfg = Debug|Any CPU
		{F01FD44C-6A3A-7C2C-9C0E-B943AF49BC5A}.Debug|Any CPU.Build.0 = Debug|Any CPU
		{F01FD44C-6A3A-7C2C-9C0E-B943AF49BC5A}.Release|Any CPU.ActiveCfg = Release|Any CPU
		{F01FD44C-6A3A-7C2C-9C0E-B943AF49BC5A}.Release|Any CPU.Build.0 = Release|Any CPU
		{B3C97C67-9D8B-43E8-8484-756DEA30C27A}.Debug|Any CPU.ActiveCfg = Debug|Any CPU
		{B3C97C67-9D8B-43E8-8484-756DEA30C27A}.Debug|Any CPU.Build.0 = Debug|Any CPU
		{B3C97C67-9D8B-43E8-8484-756DEA30C27A}.Release|Any CPU.ActiveCfg = Release|Any CPU
		{B3C97C67-9D8B-43E8-8484-756DEA30C27A}.Release|Any CPU.Build.0 = Release|Any CPU
	EndGlobalSection
	GlobalSection(SolutionProperties) = preSolution
		HideSolutionNode = FALSE
	EndGlobalSection
EndGlobal
